
Microsoft Visual Studio Solution File, Format Version 12.00
# Visual Studio Version 16
VisualStudioVersion = 16.0.30309.148
MinimumVisualStudioVersion = 10.0.40219.1
Project("{FAE04EC0-301F-11D3-BF4B-00C04F79EFBC}") = "AppForManagement", "AppForManagement\AppForManagement.csproj", "{57DB8755-5FBB-4200-8E8D-56D4AC0C1081}"
EndProject
Global
	GlobalSection(SolutionConfigurationPlatforms) = preSolution
		Debug|Any CPU = Debug|Any CPU
		Release|Any CPU = Release|Any CPU
	EndGlobalSection
	GlobalSection(ProjectConfigurationPlatforms) = postSolution
		{57DB8755-5FBB-4200-8E8D-56D4AC0C1081}.Debug|Any CPU.ActiveCfg = Debug|Any CPU
		{57DB8755-5FBB-4200-8E8D-56D4AC0C1081}.Debug|Any CPU.Build.0 = Debug|Any CPU
		{57DB8755-5FBB-4200-8E8D-56D4AC0C1081}.Release|Any CPU.ActiveCfg = Release|Any CPU
		{57DB8755-5FBB-4200-8E8D-56D4AC0C1081}.Release|Any CPU.Build.0 = Release|Any CPU
	EndGlobalSection
	GlobalSection(SolutionProperties) = preSolution
		HideSolutionNode = FALSE
	EndGlobalSection
	GlobalSection(ExtensibilityGlobals) = postSolution
		SolutionGuid = {565CF8CA-B7CA-4049-92A0-1ED8E7B435D7}
	EndGlobalSection
EndGlobal
